
Microsoft Visual Studio Solution File, Format Version 12.00
# Visual Studio Version 16
VisualStudioVersion = 16.0.29519.181
MinimumVisualStudioVersion = 10.0.40219.1
Project("{FAE04EC0-301F-11D3-BF4B-00C04F79EFBC}") = "DuckOutOfLuck", "DuckOutOfLuck\DuckOutOfLuck.csproj", "{480CC3F7-D02C-48DB-B103-4C5547D37CC6}"
EndProject
Global
	GlobalSection(SolutionConfigurationPlatforms) = preSolution
		Debug|Any CPU = Debug|Any CPU
		Release|Any CPU = Release|Any CPU
	EndGlobalSection
	GlobalSection(ProjectConfigurationPlatforms) = postSolution
		{480CC3F7-D02C-48DB-B103-4C5547D37CC6}.Debug|Any CPU.ActiveCfg = Debug|Any CPU
		{480CC3F7-D02C-48DB-B103-4C5547D37CC6}.Debug|Any CPU.Build.0 = Debug|Any CPU
		{480CC3F7-D02C-48DB-B103-4C5547D37CC6}.Release|Any CPU.ActiveCfg = Release|Any CPU
		{480CC3F7-D02C-48DB-B103-4C5547D37CC6}.Release|Any CPU.Build.0 = Release|Any CPU
	EndGlobalSection
	GlobalSection(SolutionProperties) = preSolution
		HideSolutionNode = FALSE
	EndGlobalSection
	GlobalSection(ExtensibilityGlobals) = postSolution
		SolutionGuid = {4852DAF7-4D46-4EC9-974F-3519AC4417AC}
	EndGlobalSection
EndGlobal
